
Microsoft Visual Studio Solution File, Format Version 12.00
# Visual Studio Version 17
VisualStudioVersion = 17.7.34221.43
MinimumVisualStudioVersion = 10.0.40219.1
Project("{FAE04EC0-301F-11D3-BF4B-00C04F79EFBC}") = "GradesApp", "OutstandingStudentApp\GradesApp.csproj", "{7D494D53-70F5-46B2-999B-BCC2867A83EF}"
EndProject
Global
	GlobalSection(SolutionConfigurationPlatforms) = preSolution
		Debug|Any CPU = Debug|Any CPU
		Release|Any CPU = Release|Any CPU
	EndGlobalSection
	GlobalSection(ProjectConfigurationPlatforms) = postSolution
		{7D494D53-70F5-46B2-999B-BCC2867A83EF}.Debug|Any CPU.ActiveCfg = Debug|Any CPU
		{7D494D53-70F5-46B2-999B-BCC2867A83EF}.Debug|Any CPU.Build.0 = Debug|Any CPU
		{7D494D53-70F5-46B2-999B-BCC2867A83EF}.Release|Any CPU.ActiveCfg = Release|Any CPU
		{7D494D53-70F5-46B2-999B-BCC2867A83EF}.Release|Any CPU.Build.0 = Release|Any CPU
	EndGlobalSection
	GlobalSection(SolutionProperties) = preSolution
		HideSolutionNode = FALSE
	EndGlobalSection
	GlobalSection(ExtensibilityGlobals) = postSolution
		SolutionGuid = {43BED273-1A3A-4B86-AE30-31ED63CBD3E0}
	EndGlobalSection
EndGlobal
